// !$*UTF8*$!
{
	archiveVersion = 1;
	classes = {
	};
	objectVersion = 46;
	objects = {

/* Begin PBXBuildFile section */
		7435024F16AB159B00C6C77A /* CHCSVParser.m in Sources */ = {isa = PBXBuildFile; fileRef = 7435024D16AB159B00C6C77A /* CHCSVParser.m */; };
		7435025016AB159B00C6C77A /* CHCSVParser.m in Sources */ = {isa = PBXBuildFile; fileRef = 7435024D16AB159B00C6C77A /* CHCSVParser.m */; };
		7435025116AB159B00C6C77A /* LICENSE in Resources */ = {isa = PBXBuildFile; fileRef = 7435024E16AB159B00C6C77A /* LICENSE */; };
		7435025216AB159B00C6C77A /* LICENSE in Resources */ = {isa = PBXBuildFile; fileRef = 7435024E16AB159B00C6C77A /* LICENSE */; };
		7435025516AB172600C6C77A /* weightbot_data.csv in Resources */ = {isa = PBXBuildFile; fileRef = 7435025416AB172600C6C77A /* weightbot_data.csv */; };
		7435025616AB172600C6C77A /* weightbot_data.csv in Resources */ = {isa = PBXBuildFile; fileRef = 7435025416AB172600C6C77A /* weightbot_data.csv */; };
		7435025916AB1D8600C6C77A /* CINWeightList.m in Sources */ = {isa = PBXBuildFile; fileRef = 7435025816AB1D8600C6C77A /* CINWeightList.m */; };
		7435025A16AB1D8600C6C77A /* CINWeightList.m in Sources */ = {isa = PBXBuildFile; fileRef = 7435025816AB1D8600C6C77A /* CINWeightList.m */; };
		74798A9D16A77BF5005FCDD7 /* UIKit.framework in Frameworks */ = {isa = PBXBuildFile; fileRef = 74798A9C16A77BF5005FCDD7 /* UIKit.framework */; };
		74798A9F16A77BF5005FCDD7 /* Foundation.framework in Frameworks */ = {isa = PBXBuildFile; fileRef = 74798A9E16A77BF5005FCDD7 /* Foundation.framework */; };
		74798AA116A77BF5005FCDD7 /* CoreGraphics.framework in Frameworks */ = {isa = PBXBuildFile; fileRef = 74798AA016A77BF5005FCDD7 /* CoreGraphics.framework */; };
		74798AA716A77BF5005FCDD7 /* InfoPlist.strings in Resources */ = {isa = PBXBuildFile; fileRef = 74798AA516A77BF5005FCDD7 /* InfoPlist.strings */; };
		74798AA916A77BF5005FCDD7 /* main.m in Sources */ = {isa = PBXBuildFile; fileRef = 74798AA816A77BF5005FCDD7 /* main.m */; };
		74798AAD16A77BF5005FCDD7 /* CINAppDelegate.m in Sources */ = {isa = PBXBuildFile; fileRef = 74798AAC16A77BF5005FCDD7 /* CINAppDelegate.m */; };
		74798AAF16A77BF5005FCDD7 /* Default.png in Resources */ = {isa = PBXBuildFile; fileRef = 74798AAE16A77BF5005FCDD7 /* Default.png */; };
		74798AB116A77BF5005FCDD7 /* Default@2x.png in Resources */ = {isa = PBXBuildFile; fileRef = 74798AB016A77BF5005FCDD7 /* Default@2x.png */; };
		74798AB316A77BF5005FCDD7 /* Default-568h@2x.png in Resources */ = {isa = PBXBuildFile; fileRef = 74798AB216A77BF5005FCDD7 /* Default-568h@2x.png */; };
		74798AB616A77BF5005FCDD7 /* MainStoryboard_iPhone.storyboard in Resources */ = {isa = PBXBuildFile; fileRef = 74798AB416A77BF5005FCDD7 /* MainStoryboard_iPhone.storyboard */; };
		74798AB916A77BF5005FCDD7 /* MainStoryboard_iPad.storyboard in Resources */ = {isa = PBXBuildFile; fileRef = 74798AB716A77BF5005FCDD7 /* MainStoryboard_iPad.storyboard */; };
		74798ABC16A77BF5005FCDD7 /* CINViewController.m in Sources */ = {isa = PBXBuildFile; fileRef = 74798ABB16A77BF5005FCDD7 /* CINViewController.m */; };
		74798AC416A77BF5005FCDD7 /* SenTestingKit.framework in Frameworks */ = {isa = PBXBuildFile; fileRef = 74798AC316A77BF5005FCDD7 /* SenTestingKit.framework */; };
		74798AC516A77BF5005FCDD7 /* UIKit.framework in Frameworks */ = {isa = PBXBuildFile; fileRef = 74798A9C16A77BF5005FCDD7 /* UIKit.framework */; };
		74798AC616A77BF5005FCDD7 /* Foundation.framework in Frameworks */ = {isa = PBXBuildFile; fileRef = 74798A9E16A77BF5005FCDD7 /* Foundation.framework */; };
		74798ACE16A77BF5005FCDD7 /* InfoPlist.strings in Resources */ = {isa = PBXBuildFile; fileRef = 74798ACC16A77BF5005FCDD7 /* InfoPlist.strings */; };
		74798AD116A77BF5005FCDD7 /* trendViewTests.m in Sources */ = {isa = PBXBuildFile; fileRef = 74798AD016A77BF5005FCDD7 /* trendViewTests.m */; };
		74DA60FB16ABA3F100E1452B /* libCorePlot-CocoaTouch.a in Frameworks */ = {isa = PBXBuildFile; fileRef = 74DA60F916ABA3F100E1452B /* libCorePlot-CocoaTouch.a */; };
		74DA60FD16ABA3F100E1452B /* License.txt in Resources */ = {isa = PBXBuildFile; fileRef = 74DA60FA16ABA3F100E1452B /* License.txt */; };
		74DA60FE16ABA3F100E1452B /* License.txt in Resources */ = {isa = PBXBuildFile; fileRef = 74DA60FA16ABA3F100E1452B /* License.txt */; };
		74DA610116ABA45500E1452B /* QuartzCore.framework in Frameworks */ = {isa = PBXBuildFile; fileRef = 74DA610016ABA45500E1452B /* QuartzCore.framework */; };
		74DA610516ABA6D200E1452B /* CINScatterViewController.m in Sources */ = {isa = PBXBuildFile; fileRef = 74DA610416ABA6D200E1452B /* CINScatterViewController.m */; };
		74DA610616ABA6D200E1452B /* CINScatterViewController.m in Sources */ = {isa = PBXBuildFile; fileRef = 74DA610416ABA6D200E1452B /* CINScatterViewController.m */; };
/* End PBXBuildFile section */

/* Begin PBXContainerItemProxy section */
		74798AC716A77BF5005FCDD7 /* PBXContainerItemProxy */ = {
			isa = PBXContainerItemProxy;
			containerPortal = 74798A8F16A77BF5005FCDD7 /* Project object */;
			proxyType = 1;
			remoteGlobalIDString = 74798A9716A77BF5005FCDD7;
			remoteInfo = trendView;
		};
/* End PBXContainerItemProxy section */

/* Begin PBXFileReference section */
		7435024C16AB159B00C6C77A /* CHCSVParser.h */ = {isa = PBXFileReference; fileEncoding = 4; lastKnownFileType = sourcecode.c.h; path = CHCSVParser.h; sourceTree = "<group>"; };
		7435024D16AB159B00C6C77A /* CHCSVParser.m */ = {isa = PBXFileReference; fileEncoding = 4; lastKnownFileType = sourcecode.c.objc; path = CHCSVParser.m; sourceTree = "<group>"; };
		7435024E16AB159B00C6C77A /* LICENSE */ = {isa = PBXFileReference; fileEncoding = 4; lastKnownFileType = text; path = LICENSE; sourceTree = "<group>"; };
		7435025416AB172600C6C77A /* weightbot_data.csv */ = {isa = PBXFileReference; fileEncoding = 4; lastKnownFileType = text; name = weightbot_data.csv; path = ../../samples/weightbot_data.csv; sourceTree = "<group>"; };
		7435025716AB1D8600C6C77A /* CINWeightList.h */ = {isa = PBXFileReference; fileEncoding = 4; lastKnownFileType = sourcecode.c.h; path = CINWeightList.h; sourceTree = "<group>"; };
		7435025816AB1D8600C6C77A /* CINWeightList.m */ = {isa = PBXFileReference; fileEncoding = 4; lastKnownFileType = sourcecode.c.objc; path = CINWeightList.m; sourceTree = "<group>"; };
		74798A9816A77BF5005FCDD7 /* trendView.app */ = {isa = PBXFileReference; explicitFileType = wrapper.application; includeInIndex = 0; path = trendView.app; sourceTree = BUILT_PRODUCTS_DIR; };
		74798A9C16A77BF5005FCDD7 /* UIKit.framework */ = {isa = PBXFileReference; lastKnownFileType = wrapper.framework; name = UIKit.framework; path = System/Library/Frameworks/UIKit.framework; sourceTree = SDKROOT; };
		74798A9E16A77BF5005FCDD7 /* Foundation.framework */ = {isa = PBXFileReference; lastKnownFileType = wrapper.framework; name = Foundation.framework; path = System/Library/Frameworks/Foundation.framework; sourceTree = SDKROOT; };
		74798AA016A77BF5005FCDD7 /* CoreGraphics.framework */ = {isa = PBXFileReference; lastKnownFileType = wrapper.framework; name = CoreGraphics.framework; path = System/Library/Frameworks/CoreGraphics.framework; sourceTree = SDKROOT; };
		74798AA416A77BF5005FCDD7 /* trendView-Info.plist */ = {isa = PBXFileReference; lastKnownFileType = text.plist.xml; path = "trendView-Info.plist"; sourceTree = "<group>"; };
		74798AA616A77BF5005FCDD7 /* en */ = {isa = PBXFileReference; lastKnownFileType = text.plist.strings; name = en; path = en.lproj/InfoPlist.strings; sourceTree = "<group>"; };
		74798AA816A77BF5005FCDD7 /* main.m */ = {isa = PBXFileReference; lastKnownFileType = sourcecode.c.objc; path = main.m; sourceTree = "<group>"; };
		74798AAA16A77BF5005FCDD7 /* trendView-Prefix.pch */ = {isa = PBXFileReference; lastKnownFileType = sourcecode.c.h; path = "trendView-Prefix.pch"; sourceTree = "<group>"; };
		74798AAB16A77BF5005FCDD7 /* CINAppDelegate.h */ = {isa = PBXFileReference; lastKnownFileType = sourcecode.c.h; path = CINAppDelegate.h; sourceTree = "<group>"; };
		74798AAC16A77BF5005FCDD7 /* CINAppDelegate.m */ = {isa = PBXFileReference; lastKnownFileType = sourcecode.c.objc; path = CINAppDelegate.m; sourceTree = "<group>"; };
		74798AAE16A77BF5005FCDD7 /* Default.png */ = {isa = PBXFileReference; lastKnownFileType = image.png; path = Default.png; sourceTree = "<group>"; };
		74798AB016A77BF5005FCDD7 /* Default@2x.png */ = {isa = PBXFileReference; lastKnownFileType = image.png; path = "Default@2x.png"; sourceTree = "<group>"; };
		74798AB216A77BF5005FCDD7 /* Default-568h@2x.png */ = {isa = PBXFileReference; lastKnownFileType = image.png; path = "Default-568h@2x.png"; sourceTree = "<group>"; };
		74798AB516A77BF5005FCDD7 /* en */ = {isa = PBXFileReference; lastKnownFileType = file.storyboard; name = en; path = en.lproj/MainStoryboard_iPhone.storyboard; sourceTree = "<group>"; };
		74798AB816A77BF5005FCDD7 /* en */ = {isa = PBXFileReference; lastKnownFileType = file.storyboard; name = en; path = en.lproj/MainStoryboard_iPad.storyboard; sourceTree = "<group>"; };
		74798ABA16A77BF5005FCDD7 /* CINViewController.h */ = {isa = PBXFileReference; lastKnownFileType = sourcecode.c.h; path = CINViewController.h; sourceTree = "<group>"; };
		74798ABB16A77BF5005FCDD7 /* CINViewController.m */ = {isa = PBXFileReference; lastKnownFileType = sourcecode.c.objc; path = CINViewController.m; sourceTree = "<group>"; };
		74798AC216A77BF5005FCDD7 /* trendViewTests.octest */ = {isa = PBXFileReference; explicitFileType = wrapper.cfbundle; includeInIndex = 0; path = trendViewTests.octest; sourceTree = BUILT_PRODUCTS_DIR; };
		74798AC316A77BF5005FCDD7 /* SenTestingKit.framework */ = {isa = PBXFileReference; lastKnownFileType = wrapper.framework; name = SenTestingKit.framework; path = Library/Frameworks/SenTestingKit.framework; sourceTree = DEVELOPER_DIR; };
		74798ACB16A77BF5005FCDD7 /* trendViewTests-Info.plist */ = {isa = PBXFileReference; lastKnownFileType = text.plist.xml; path = "trendViewTests-Info.plist"; sourceTree = "<group>"; };
		74798ACD16A77BF5005FCDD7 /* en */ = {isa = PBXFileReference; lastKnownFileType = text.plist.strings; name = en; path = en.lproj/InfoPlist.strings; sourceTree = "<group>"; };
		74798ACF16A77BF5005FCDD7 /* trendViewTests.h */ = {isa = PBXFileReference; lastKnownFileType = sourcecode.c.h; path = trendViewTests.h; sourceTree = "<group>"; };
		74798AD016A77BF5005FCDD7 /* trendViewTests.m */ = {isa = PBXFileReference; lastKnownFileType = sourcecode.c.objc; path = trendViewTests.m; sourceTree = "<group>"; };
		74DA60AF16ABA3F100E1452B /* CorePlot-CocoaTouch.h */ = {isa = PBXFileReference; fileEncoding = 4; lastKnownFileType = sourcecode.c.h; path = "CorePlot-CocoaTouch.h"; sourceTree = "<group>"; };
		74DA60B016ABA3F100E1452B /* CPTAnnotation.h */ = {isa = PBXFileReference; fileEncoding = 4; lastKnownFileType = sourcecode.c.h; path = CPTAnnotation.h; sourceTree = "<group>"; };
		74DA60B116ABA3F100E1452B /* CPTAnnotationHostLayer.h */ = {isa = PBXFileReference; fileEncoding = 4; lastKnownFileType = sourcecode.c.h; path = CPTAnnotationHostLayer.h; sourceTree = "<group>"; };
		74DA60B216ABA3F100E1452B /* CPTAxis.h */ = {isa = PBXFileReference; fileEncoding = 4; lastKnownFileType = sourcecode.c.h; path = CPTAxis.h; sourceTree = "<group>"; };
		74DA60B316ABA3F100E1452B /* CPTAxisLabel.h */ = {isa = PBXFileReference; fileEncoding = 4; lastKnownFileType = sourcecode.c.h; path = CPTAxisLabel.h; sourceTree = "<group>"; };
		74DA60B416ABA3F100E1452B /* CPTAxisLabelGroup.h */ = {isa = PBXFileReference; fileEncoding = 4; lastKnownFileType = sourcecode.c.h; path = CPTAxisLabelGroup.h; sourceTree = "<group>"; };
		74DA60B516ABA3F100E1452B /* CPTAxisSet.h */ = {isa = PBXFileReference; fileEncoding = 4; lastKnownFileType = sourcecode.c.h; path = CPTAxisSet.h; sourceTree = "<group>"; };
		74DA60B616ABA3F100E1452B /* CPTAxisTitle.h */ = {isa = PBXFileReference; fileEncoding = 4; lastKnownFileType = sourcecode.c.h; path = CPTAxisTitle.h; sourceTree = "<group>"; };
		74DA60B716ABA3F100E1452B /* CPTBarPlot.h */ = {isa = PBXFileReference; fileEncoding = 4; lastKnownFileType = sourcecode.c.h; path = CPTBarPlot.h; sourceTree = "<group>"; };
		74DA60B816ABA3F100E1452B /* CPTBorderedLayer.h */ = {isa = PBXFileReference; fileEncoding = 4; lastKnownFileType = sourcecode.c.h; path = CPTBorderedLayer.h; sourceTree = "<group>"; };
		74DA60B916ABA3F100E1452B /* CPTCalendarFormatter.h */ = {isa = PBXFileReference; fileEncoding = 4; lastKnownFileType = sourcecode.c.h; path = CPTCalendarFormatter.h; sourceTree = "<group>"; };
		74DA60BA16ABA3F100E1452B /* CPTColor.h */ = {isa = PBXFileReference; fileEncoding = 4; lastKnownFileType = sourcecode.c.h; path = CPTColor.h; sourceTree = "<group>"; };
		74DA60BB16ABA3F100E1452B /* CPTColorSpace.h */ = {isa = PBXFileReference; fileEncoding = 4; lastKnownFileType = sourcecode.c.h; path = CPTColorSpace.h; sourceTree = "<group>"; };
		74DA60BC16ABA3F100E1452B /* CPTConstraints.h */ = {isa = PBXFileReference; fileEncoding = 4; lastKnownFileType = sourcecode.c.h; path = CPTConstraints.h; sourceTree = "<group>"; };
		74DA60BD16ABA3F100E1452B /* CPTDataSourceTestCase.h */ = {isa = PBXFileReference; fileEncoding = 4; lastKnownFileType = sourcecode.c.h; path = CPTDataSourceTestCase.h; sourceTree = "<group>"; };
		74DA60BE16ABA3F100E1452B /* CPTDefinitions.h */ = {isa = PBXFileReference; fileEncoding = 4; lastKnownFileType = sourcecode.c.h; path = CPTDefinitions.h; sourceTree = "<group>"; };
		74DA60BF16ABA3F100E1452B /* CPTDerivedXYGraph.h */ = {isa = PBXFileReference; fileEncoding = 4; lastKnownFileType = sourcecode.c.h; path = CPTDerivedXYGraph.h; sourceTree = "<group>"; };
		74DA60C016ABA3F100E1452B /* CPTExceptions.h */ = {isa = PBXFileReference; fileEncoding = 4; lastKnownFileType = sourcecode.c.h; path = CPTExceptions.h; sourceTree = "<group>"; };
		74DA60C116ABA3F100E1452B /* CPTFill.h */ = {isa = PBXFileReference; fileEncoding = 4; lastKnownFileType = sourcecode.c.h; path = CPTFill.h; sourceTree = "<group>"; };
		74DA60C216ABA3F100E1452B /* CPTGradient.h */ = {isa = PBXFileReference; fileEncoding = 4; lastKnownFileType = sourcecode.c.h; path = CPTGradient.h; sourceTree = "<group>"; };
		74DA60C316ABA3F100E1452B /* CPTGraph.h */ = {isa = PBXFileReference; fileEncoding = 4; lastKnownFileType = sourcecode.c.h; path = CPTGraph.h; sourceTree = "<group>"; };
		74DA60C416ABA3F100E1452B /* CPTGraphHostingView.h */ = {isa = PBXFileReference; fileEncoding = 4; lastKnownFileType = sourcecode.c.h; path = CPTGraphHostingView.h; sourceTree = "<group>"; };
		74DA60C516ABA3F100E1452B /* CPTGridLineGroup.h */ = {isa = PBXFileReference; fileEncoding = 4; lastKnownFileType = sourcecode.c.h; path = CPTGridLineGroup.h; sourceTree = "<group>"; };
		74DA60C616ABA3F100E1452B /* CPTGridLines.h */ = {isa = PBXFileReference; fileEncoding = 4; lastKnownFileType = sourcecode.c.h; path = CPTGridLines.h; sourceTree = "<group>"; };
		74DA60C716ABA3F100E1452B /* CPTImage.h */ = {isa = PBXFileReference; fileEncoding = 4; lastKnownFileType = sourcecode.c.h; path = CPTImage.h; sourceTree = "<group>"; };
		74DA60C816ABA3F100E1452B /* CPTLayer.h */ = {isa = PBXFileReference; fileEncoding = 4; lastKnownFileType = sourcecode.c.h; path = CPTLayer.h; sourceTree = "<group>"; };
		74DA60C916ABA3F100E1452B /* CPTLayerAnnotation.h */ = {isa = PBXFileReference; fileEncoding = 4; lastKnownFileType = sourcecode.c.h; path = CPTLayerAnnotation.h; sourceTree = "<group>"; };
		74DA60CA16ABA3F100E1452B /* CPTLegend.h */ = {isa = PBXFileReference; fileEncoding = 4; lastKnownFileType = sourcecode.c.h; path = CPTLegend.h; sourceTree = "<group>"; };
		74DA60CB16ABA3F100E1452B /* CPTLegendEntry.h */ = {isa = PBXFileReference; fileEncoding = 4; lastKnownFileType = sourcecode.c.h; path = CPTLegendEntry.h; sourceTree = "<group>"; };
		74DA60CC16ABA3F100E1452B /* CPTLimitBand.h */ = {isa = PBXFileReference; fileEncoding = 4; lastKnownFileType = sourcecode.c.h; path = CPTLimitBand.h; sourceTree = "<group>"; };
		74DA60CD16ABA3F100E1452B /* CPTLineCap.h */ = {isa = PBXFileReference; fileEncoding = 4; lastKnownFileType = sourcecode.c.h; path = CPTLineCap.h; sourceTree = "<group>"; };
		74DA60CE16ABA3F100E1452B /* CPTLineStyle.h */ = {isa = PBXFileReference; fileEncoding = 4; lastKnownFileType = sourcecode.c.h; path = CPTLineStyle.h; sourceTree = "<group>"; };
		74DA60CF16ABA3F100E1452B /* CPTMutableLineStyle.h */ = {isa = PBXFileReference; fileEncoding = 4; lastKnownFileType = sourcecode.c.h; path = CPTMutableLineStyle.h; sourceTree = "<group>"; };
		74DA60D016ABA3F100E1452B /* CPTMutableNumericData+TypeConversion.h */ = {isa = PBXFileReference; fileEncoding = 4; lastKnownFileType = sourcecode.c.h; path = "CPTMutableNumericData+TypeConversion.h"; sourceTree = "<group>"; };
		74DA60D116ABA3F100E1452B /* CPTMutableNumericData.h */ = {isa = PBXFileReference; fileEncoding = 4; lastKnownFileType = sourcecode.c.h; path = CPTMutableNumericData.h; sourceTree = "<group>"; };
		74DA60D216ABA3F100E1452B /* CPTMutablePlotRange.h */ = {isa = PBXFileReference; fileEncoding = 4; lastKnownFileType = sourcecode.c.h; path = CPTMutablePlotRange.h; sourceTree = "<group>"; };
		74DA60D316ABA3F100E1452B /* CPTMutableShadow.h */ = {isa = PBXFileReference; fileEncoding = 4; lastKnownFileType = sourcecode.c.h; path = CPTMutableShadow.h; sourceTree = "<group>"; };
		74DA60D416ABA3F100E1452B /* CPTMutableTextStyle.h */ = {isa = PBXFileReference; fileEncoding = 4; lastKnownFileType = sourcecode.c.h; path = CPTMutableTextStyle.h; sourceTree = "<group>"; };
		74DA60D516ABA3F100E1452B /* CPTNumericData+TypeConversion.h */ = {isa = PBXFileReference; fileEncoding = 4; lastKnownFileType = sourcecode.c.h; path = "CPTNumericData+TypeConversion.h"; sourceTree = "<group>"; };
		74DA60D616ABA3F100E1452B /* CPTNumericData.h */ = {isa = PBXFileReference; fileEncoding = 4; lastKnownFileType = sourcecode.c.h; path = CPTNumericData.h; sourceTree = "<group>"; };
		74DA60D716ABA3F100E1452B /* CPTNumericDataType.h */ = {isa = PBXFileReference; fileEncoding = 4; lastKnownFileType = sourcecode.c.h; path = CPTNumericDataType.h; sourceTree = "<group>"; };
		74DA60D816ABA3F100E1452B /* CPTPathExtensions.h */ = {isa = PBXFileReference; fileEncoding = 4; lastKnownFileType = sourcecode.c.h; path = CPTPathExtensions.h; sourceTree = "<group>"; };
		74DA60D916ABA3F100E1452B /* CPTPieChart.h */ = {isa = PBXFileReference; fileEncoding = 4; lastKnownFileType = sourcecode.c.h; path = CPTPieChart.h; sourceTree = "<group>"; };
		74DA60DA16ABA3F100E1452B /* CPTPlatformSpecificCategories.h */ = {isa = PBXFileReference; fileEncoding = 4; lastKnownFileType = sourcecode.c.h; path = CPTPlatformSpecificCategories.h; sourceTree = "<group>"; };
		74DA60DB16ABA3F100E1452B /* CPTPlatformSpecificDefines.h */ = {isa = PBXFileReference; fileEncoding = 4; lastKnownFileType = sourcecode.c.h; path = CPTPlatformSpecificDefines.h; sourceTree = "<group>"; };
		74DA60DC16ABA3F100E1452B /* CPTPlatformSpecificFunctions.h */ = {isa = PBXFileReference; fileEncoding = 4; lastKnownFileType = sourcecode.c.h; path = CPTPlatformSpecificFunctions.h; sourceTree = "<group>"; };
		74DA60DD16ABA3F100E1452B /* CPTPlot.h */ = {isa = PBXFileReference; fileEncoding = 4; lastKnownFileType = sourcecode.c.h; path = CPTPlot.h; sourceTree = "<group>"; };
		74DA60DE16ABA3F100E1452B /* CPTPlotArea.h */ = {isa = PBXFileReference; fileEncoding = 4; lastKnownFileType = sourcecode.c.h; path = CPTPlotArea.h; sourceTree = "<group>"; };
		74DA60DF16ABA3F100E1452B /* CPTPlotAreaFrame.h */ = {isa = PBXFileReference; fileEncoding = 4; lastKnownFileType = sourcecode.c.h; path = CPTPlotAreaFrame.h; sourceTree = "<group>"; };
		74DA60E016ABA3F100E1452B /* CPTPlotGroup.h */ = {isa = PBXFileReference; fileEncoding = 4; lastKnownFileType = sourcecode.c.h; path = CPTPlotGroup.h; sourceTree = "<group>"; };
		74DA60E116ABA3F100E1452B /* CPTPlotRange.h */ = {isa = PBXFileReference; fileEncoding = 4; lastKnownFileType = sourcecode.c.h; path = CPTPlotRange.h; sourceTree = "<group>"; };
		74DA60E216ABA3F100E1452B /* CPTPlotSpace.h */ = {isa = PBXFileReference; fileEncoding = 4; lastKnownFileType = sourcecode.c.h; path = CPTPlotSpace.h; sourceTree = "<group>"; };
		74DA60E316ABA3F100E1452B /* CPTPlotSpaceAnnotation.h */ = {isa = PBXFileReference; fileEncoding = 4; lastKnownFileType = sourcecode.c.h; path = CPTPlotSpaceAnnotation.h; sourceTree = "<group>"; };
		74DA60E416ABA3F100E1452B /* CPTPlotSymbol.h */ = {isa = PBXFileReference; fileEncoding = 4; lastKnownFileType = sourcecode.c.h; path = CPTPlotSymbol.h; sourceTree = "<group>"; };
		74DA60E516ABA3F100E1452B /* CPTRangePlot.h */ = {isa = PBXFileReference; fileEncoding = 4; lastKnownFileType = sourcecode.c.h; path = CPTRangePlot.h; sourceTree = "<group>"; };
		74DA60E616ABA3F100E1452B /* CPTResponder.h */ = {isa = PBXFileReference; fileEncoding = 4; lastKnownFileType = sourcecode.c.h; path = CPTResponder.h; sourceTree = "<group>"; };
		74DA60E716ABA3F100E1452B /* CPTScatterPlot.h */ = {isa = PBXFileReference; fileEncoding = 4; lastKnownFileType = sourcecode.c.h; path = CPTScatterPlot.h; sourceTree = "<group>"; };
		74DA60E816ABA3F100E1452B /* CPTShadow.h */ = {isa = PBXFileReference; fileEncoding = 4; lastKnownFileType = sourcecode.c.h; path = CPTShadow.h; sourceTree = "<group>"; };
		74DA60E916ABA3F100E1452B /* CPTTestCase.h */ = {isa = PBXFileReference; fileEncoding = 4; lastKnownFileType = sourcecode.c.h; path = CPTTestCase.h; sourceTree = "<group>"; };
		74DA60EA16ABA3F100E1452B /* CPTTextLayer.h */ = {isa = PBXFileReference; fileEncoding = 4; lastKnownFileType = sourcecode.c.h; path = CPTTextLayer.h; sourceTree = "<group>"; };
		74DA60EB16ABA3F100E1452B /* CPTTextStyle.h */ = {isa = PBXFileReference; fileEncoding = 4; lastKnownFileType = sourcecode.c.h; path = CPTTextStyle.h; sourceTree = "<group>"; };
		74DA60EC16ABA3F100E1452B /* CPTTextStylePlatformSpecific.h */ = {isa = PBXFileReference; fileEncoding = 4; lastKnownFileType = sourcecode.c.h; path = CPTTextStylePlatformSpecific.h; sourceTree = "<group>"; };
		74DA60ED16ABA3F100E1452B /* CPTTheme.h */ = {isa = PBXFileReference; fileEncoding = 4; lastKnownFileType = sourcecode.c.h; path = CPTTheme.h; sourceTree = "<group>"; };
		74DA60EE16ABA3F100E1452B /* CPTTimeFormatter.h */ = {isa = PBXFileReference; fileEncoding = 4; lastKnownFileType = sourcecode.c.h; path = CPTTimeFormatter.h; sourceTree = "<group>"; };
		74DA60EF16ABA3F100E1452B /* CPTTradingRangePlot.h */ = {isa = PBXFileReference; fileEncoding = 4; lastKnownFileType = sourcecode.c.h; path = CPTTradingRangePlot.h; sourceTree = "<group>"; };
		74DA60F016ABA3F100E1452B /* CPTUtilities.h */ = {isa = PBXFileReference; fileEncoding = 4; lastKnownFileType = sourcecode.c.h; path = CPTUtilities.h; sourceTree = "<group>"; };
		74DA60F116ABA3F100E1452B /* CPTXYAxis.h */ = {isa = PBXFileReference; fileEncoding = 4; lastKnownFileType = sourcecode.c.h; path = CPTXYAxis.h; sourceTree = "<group>"; };
		74DA60F216ABA3F100E1452B /* CPTXYAxisSet.h */ = {isa = PBXFileReference; fileEncoding = 4; lastKnownFileType = sourcecode.c.h; path = CPTXYAxisSet.h; sourceTree = "<group>"; };
		74DA60F316ABA3F100E1452B /* CPTXYGraph.h */ = {isa = PBXFileReference; fileEncoding = 4; lastKnownFileType = sourcecode.c.h; path = CPTXYGraph.h; sourceTree = "<group>"; };
		74DA60F416ABA3F100E1452B /* CPTXYPlotSpace.h */ = {isa = PBXFileReference; fileEncoding = 4; lastKnownFileType = sourcecode.c.h; path = CPTXYPlotSpace.h; sourceTree = "<group>"; };
		74DA60F516ABA3F100E1452B /* mainpage.h */ = {isa = PBXFileReference; fileEncoding = 4; lastKnownFileType = sourcecode.c.h; path = mainpage.h; sourceTree = "<group>"; };
		74DA60F616ABA3F100E1452B /* NSCoderExtensions.h */ = {isa = PBXFileReference; fileEncoding = 4; lastKnownFileType = sourcecode.c.h; path = NSCoderExtensions.h; sourceTree = "<group>"; };
		74DA60F716ABA3F100E1452B /* NSDecimalNumberExtensions.h */ = {isa = PBXFileReference; fileEncoding = 4; lastKnownFileType = sourcecode.c.h; path = NSDecimalNumberExtensions.h; sourceTree = "<group>"; };
		74DA60F816ABA3F100E1452B /* NSNumberExtensions.h */ = {isa = PBXFileReference; fileEncoding = 4; lastKnownFileType = sourcecode.c.h; path = NSNumberExtensions.h; sourceTree = "<group>"; };
		74DA60F916ABA3F100E1452B /* libCorePlot-CocoaTouch.a */ = {isa = PBXFileReference; lastKnownFileType = archive.ar; path = "libCorePlot-CocoaTouch.a"; sourceTree = "<group>"; };
		74DA60FA16ABA3F100E1452B /* License.txt */ = {isa = PBXFileReference; fileEncoding = 4; lastKnownFileType = text; path = License.txt; sourceTree = "<group>"; };
		74DA610016ABA45500E1452B /* QuartzCore.framework */ = {isa = PBXFileReference; lastKnownFileType = wrapper.framework; name = QuartzCore.framework; path = System/Library/Frameworks/QuartzCore.framework; sourceTree = SDKROOT; };
		74DA610316ABA6D200E1452B /* CINScatterViewController.h */ = {isa = PBXFileReference; fileEncoding = 4; lastKnownFileType = sourcecode.c.h; path = CINScatterViewController.h; sourceTree = "<group>"; };
		74DA610416ABA6D200E1452B /* CINScatterViewController.m */ = {isa = PBXFileReference; fileEncoding = 4; lastKnownFileType = sourcecode.c.objc; path = CINScatterViewController.m; sourceTree = "<group>"; };
/* End PBXFileReference section */

/* Begin PBXFrameworksBuildPhase section */
		74798A9516A77BF5005FCDD7 /* Frameworks */ = {
			isa = PBXFrameworksBuildPhase;
			buildActionMask = 2147483647;
			files = (
				74DA610116ABA45500E1452B /* QuartzCore.framework in Frameworks */,
				74798A9D16A77BF5005FCDD7 /* UIKit.framework in Frameworks */,
				74798A9F16A77BF5005FCDD7 /* Foundation.framework in Frameworks */,
				74798AA116A77BF5005FCDD7 /* CoreGraphics.framework in Frameworks */,
				74DA60FB16ABA3F100E1452B /* libCorePlot-CocoaTouch.a in Frameworks */,
			);
			runOnlyForDeploymentPostprocessing = 0;
		};
		74798ABE16A77BF5005FCDD7 /* Frameworks */ = {
			isa = PBXFrameworksBuildPhase;
			buildActionMask = 2147483647;
			files = (
				74798AC416A77BF5005FCDD7 /* SenTestingKit.framework in Frameworks */,
				74798AC516A77BF5005FCDD7 /* UIKit.framework in Frameworks */,
				74798AC616A77BF5005FCDD7 /* Foundation.framework in Frameworks */,
			);
			runOnlyForDeploymentPostprocessing = 0;
		};
/* End PBXFrameworksBuildPhase section */

/* Begin PBXGroup section */
		7435024B16AB159B00C6C77A /* CHCSVParser */ = {
			isa = PBXGroup;
			children = (
				7435024C16AB159B00C6C77A /* CHCSVParser.h */,
				7435024D16AB159B00C6C77A /* CHCSVParser.m */,
				7435024E16AB159B00C6C77A /* LICENSE */,
			);
			name = CHCSVParser;
			path = ../libs/CHCSVParser;
			sourceTree = "<group>";
		};
		74798A8D16A77BF5005FCDD7 = {
			isa = PBXGroup;
			children = (
				74798AA216A77BF5005FCDD7 /* trendView */,
				74798AC916A77BF5005FCDD7 /* trendViewTests */,
				74798A9B16A77BF5005FCDD7 /* Frameworks */,
				74798A9916A77BF5005FCDD7 /* Products */,
			);
			sourceTree = "<group>";
		};
		74798A9916A77BF5005FCDD7 /* Products */ = {
			isa = PBXGroup;
			children = (
				74798A9816A77BF5005FCDD7 /* trendView.app */,
				74798AC216A77BF5005FCDD7 /* trendViewTests.octest */,
			);
			name = Products;
			sourceTree = "<group>";
		};
		74798A9B16A77BF5005FCDD7 /* Frameworks */ = {
			isa = PBXGroup;
			children = (
				74DA60AC16ABA3F100E1452B /* CorePlot */,
				7435024B16AB159B00C6C77A /* CHCSVParser */,
				74798A9C16A77BF5005FCDD7 /* UIKit.framework */,
				74798A9E16A77BF5005FCDD7 /* Foundation.framework */,
				74798AA016A77BF5005FCDD7 /* CoreGraphics.framework */,
				74DA610016ABA45500E1452B /* QuartzCore.framework */,
				74798AC316A77BF5005FCDD7 /* SenTestingKit.framework */,
			);
			name = Frameworks;
			sourceTree = "<group>";
		};
		74798AA216A77BF5005FCDD7 /* trendView */ = {
			isa = PBXGroup;
			children = (
				74798AAB16A77BF5005FCDD7 /* CINAppDelegate.h */,
				74798AAC16A77BF5005FCDD7 /* CINAppDelegate.m */,
				74798AB416A77BF5005FCDD7 /* MainStoryboard_iPhone.storyboard */,
				74798AB716A77BF5005FCDD7 /* MainStoryboard_iPad.storyboard */,
				74798ABA16A77BF5005FCDD7 /* CINViewController.h */,
				74798ABB16A77BF5005FCDD7 /* CINViewController.m */,
				74DA610316ABA6D200E1452B /* CINScatterViewController.h */,
				74DA610416ABA6D200E1452B /* CINScatterViewController.m */,
				7435025716AB1D8600C6C77A /* CINWeightList.h */,
				7435025816AB1D8600C6C77A /* CINWeightList.m */,
				74798AA316A77BF5005FCDD7 /* Supporting Files */,
			);
			path = trendView;
			sourceTree = "<group>";
		};
		74798AA316A77BF5005FCDD7 /* Supporting Files */ = {
			isa = PBXGroup;
			children = (
				7435025416AB172600C6C77A /* weightbot_data.csv */,
				74798AA416A77BF5005FCDD7 /* trendView-Info.plist */,
				74798AA516A77BF5005FCDD7 /* InfoPlist.strings */,
				74798AA816A77BF5005FCDD7 /* main.m */,
				74798AAA16A77BF5005FCDD7 /* trendView-Prefix.pch */,
				74798AAE16A77BF5005FCDD7 /* Default.png */,
				74798AB016A77BF5005FCDD7 /* Default@2x.png */,
				74798AB216A77BF5005FCDD7 /* Default-568h@2x.png */,
			);
			name = "Supporting Files";
			sourceTree = "<group>";
		};
		74798AC916A77BF5005FCDD7 /* trendViewTests */ = {
			isa = PBXGroup;
			children = (
				74798ACF16A77BF5005FCDD7 /* trendViewTests.h */,
				74798AD016A77BF5005FCDD7 /* trendViewTests.m */,
				74798ACA16A77BF5005FCDD7 /* Supporting Files */,
			);
			path = trendViewTests;
			sourceTree = "<group>";
		};
		74798ACA16A77BF5005FCDD7 /* Supporting Files */ = {
			isa = PBXGroup;
			children = (
				74798ACB16A77BF5005FCDD7 /* trendViewTests-Info.plist */,
				74798ACC16A77BF5005FCDD7 /* InfoPlist.strings */,
			);
			name = "Supporting Files";
			sourceTree = "<group>";
		};
		74DA60AC16ABA3F100E1452B /* CorePlot */ = {
			isa = PBXGroup;
			children = (
				74DA60AD16ABA3F100E1452B /* iOS */,
				74DA60FA16ABA3F100E1452B /* License.txt */,
			);
			name = CorePlot;
			path = ../libs/CorePlot;
			sourceTree = "<group>";
		};
		74DA60AD16ABA3F100E1452B /* iOS */ = {
			isa = PBXGroup;
			children = (
				74DA60AE16ABA3F100E1452B /* CorePlotHeaders */,
				74DA60F916ABA3F100E1452B /* libCorePlot-CocoaTouch.a */,
			);
			path = iOS;
			sourceTree = "<group>";
		};
		74DA60AE16ABA3F100E1452B /* CorePlotHeaders */ = {
			isa = PBXGroup;
			children = (
				74DA60AF16ABA3F100E1452B /* CorePlot-CocoaTouch.h */,
				74DA60B016ABA3F100E1452B /* CPTAnnotation.h */,
				74DA60B116ABA3F100E1452B /* CPTAnnotationHostLayer.h */,
				74DA60B216ABA3F100E1452B /* CPTAxis.h */,
				74DA60B316ABA3F100E1452B /* CPTAxisLabel.h */,
				74DA60B416ABA3F100E1452B /* CPTAxisLabelGroup.h */,
				74DA60B516ABA3F100E1452B /* CPTAxisSet.h */,
				74DA60B616ABA3F100E1452B /* CPTAxisTitle.h */,
				74DA60B716ABA3F100E1452B /* CPTBarPlot.h */,
				74DA60B816ABA3F100E1452B /* CPTBorderedLayer.h */,
				74DA60B916ABA3F100E1452B /* CPTCalendarFormatter.h */,
				74DA60BA16ABA3F100E1452B /* CPTColor.h */,
				74DA60BB16ABA3F100E1452B /* CPTColorSpace.h */,
				74DA60BC16ABA3F100E1452B /* CPTConstraints.h */,
				74DA60BD16ABA3F100E1452B /* CPTDataSourceTestCase.h */,
				74DA60BE16ABA3F100E1452B /* CPTDefinitions.h */,
				74DA60BF16ABA3F100E1452B /* CPTDerivedXYGraph.h */,
				74DA60C016ABA3F100E1452B /* CPTExceptions.h */,
				74DA60C116ABA3F100E1452B /* CPTFill.h */,
				74DA60C216ABA3F100E1452B /* CPTGradient.h */,
				74DA60C316ABA3F100E1452B /* CPTGraph.h */,
				74DA60C416ABA3F100E1452B /* CPTGraphHostingView.h */,
				74DA60C516ABA3F100E1452B /* CPTGridLineGroup.h */,
				74DA60C616ABA3F100E1452B /* CPTGridLines.h */,
				74DA60C716ABA3F100E1452B /* CPTImage.h */,
				74DA60C816ABA3F100E1452B /* CPTLayer.h */,
				74DA60C916ABA3F100E1452B /* CPTLayerAnnotation.h */,
				74DA60CA16ABA3F100E1452B /* CPTLegend.h */,
				74DA60CB16ABA3F100E1452B /* CPTLegendEntry.h */,
				74DA60CC16ABA3F100E1452B /* CPTLimitBand.h */,
				74DA60CD16ABA3F100E1452B /* CPTLineCap.h */,
				74DA60CE16ABA3F100E1452B /* CPTLineStyle.h */,
				74DA60CF16ABA3F100E1452B /* CPTMutableLineStyle.h */,
				74DA60D016ABA3F100E1452B /* CPTMutableNumericData+TypeConversion.h */,
				74DA60D116ABA3F100E1452B /* CPTMutableNumericData.h */,
				74DA60D216ABA3F100E1452B /* CPTMutablePlotRange.h */,
				74DA60D316ABA3F100E1452B /* CPTMutableShadow.h */,
				74DA60D416ABA3F100E1452B /* CPTMutableTextStyle.h */,
				74DA60D516ABA3F100E1452B /* CPTNumericData+TypeConversion.h */,
				74DA60D616ABA3F100E1452B /* CPTNumericData.h */,
				74DA60D716ABA3F100E1452B /* CPTNumericDataType.h */,
				74DA60D816ABA3F100E1452B /* CPTPathExtensions.h */,
				74DA60D916ABA3F100E1452B /* CPTPieChart.h */,
				74DA60DA16ABA3F100E1452B /* CPTPlatformSpecificCategories.h */,
				74DA60DB16ABA3F100E1452B /* CPTPlatformSpecificDefines.h */,
				74DA60DC16ABA3F100E1452B /* CPTPlatformSpecificFunctions.h */,
				74DA60DD16ABA3F100E1452B /* CPTPlot.h */,
				74DA60DE16ABA3F100E1452B /* CPTPlotArea.h */,
				74DA60DF16ABA3F100E1452B /* CPTPlotAreaFrame.h */,
				74DA60E016ABA3F100E1452B /* CPTPlotGroup.h */,
				74DA60E116ABA3F100E1452B /* CPTPlotRange.h */,
				74DA60E216ABA3F100E1452B /* CPTPlotSpace.h */,
				74DA60E316ABA3F100E1452B /* CPTPlotSpaceAnnotation.h */,
				74DA60E416ABA3F100E1452B /* CPTPlotSymbol.h */,
				74DA60E516ABA3F100E1452B /* CPTRangePlot.h */,
				74DA60E616ABA3F100E1452B /* CPTResponder.h */,
				74DA60E716ABA3F100E1452B /* CPTScatterPlot.h */,
				74DA60E816ABA3F100E1452B /* CPTShadow.h */,
				74DA60E916ABA3F100E1452B /* CPTTestCase.h */,
				74DA60EA16ABA3F100E1452B /* CPTTextLayer.h */,
				74DA60EB16ABA3F100E1452B /* CPTTextStyle.h */,
				74DA60EC16ABA3F100E1452B /* CPTTextStylePlatformSpecific.h */,
				74DA60ED16ABA3F100E1452B /* CPTTheme.h */,
				74DA60EE16ABA3F100E1452B /* CPTTimeFormatter.h */,
				74DA60EF16ABA3F100E1452B /* CPTTradingRangePlot.h */,
				74DA60F016ABA3F100E1452B /* CPTUtilities.h */,
				74DA60F116ABA3F100E1452B /* CPTXYAxis.h */,
				74DA60F216ABA3F100E1452B /* CPTXYAxisSet.h */,
				74DA60F316ABA3F100E1452B /* CPTXYGraph.h */,
				74DA60F416ABA3F100E1452B /* CPTXYPlotSpace.h */,
				74DA60F516ABA3F100E1452B /* mainpage.h */,
				74DA60F616ABA3F100E1452B /* NSCoderExtensions.h */,
				74DA60F716ABA3F100E1452B /* NSDecimalNumberExtensions.h */,
				74DA60F816ABA3F100E1452B /* NSNumberExtensions.h */,
			);
			path = CorePlotHeaders;
			sourceTree = "<group>";
		};
/* End PBXGroup section */

/* Begin PBXNativeTarget section */
		74798A9716A77BF5005FCDD7 /* trendView */ = {
			isa = PBXNativeTarget;
			buildConfigurationList = 74798AD416A77BF5005FCDD7 /* Build configuration list for PBXNativeTarget "trendView" */;
			buildPhases = (
				74798A9416A77BF5005FCDD7 /* Sources */,
				74798A9516A77BF5005FCDD7 /* Frameworks */,
				74798A9616A77BF5005FCDD7 /* Resources */,
			);
			buildRules = (
			);
			dependencies = (
			);
			name = trendView;
			productName = trendView;
			productReference = 74798A9816A77BF5005FCDD7 /* trendView.app */;
			productType = "com.apple.product-type.application";
		};
		74798AC116A77BF5005FCDD7 /* trendViewTests */ = {
			isa = PBXNativeTarget;
			buildConfigurationList = 74798AD716A77BF5005FCDD7 /* Build configuration list for PBXNativeTarget "trendViewTests" */;
			buildPhases = (
				74798ABD16A77BF5005FCDD7 /* Sources */,
				74798ABE16A77BF5005FCDD7 /* Frameworks */,
				74798ABF16A77BF5005FCDD7 /* Resources */,
				74798AC016A77BF5005FCDD7 /* ShellScript */,
			);
			buildRules = (
			);
			dependencies = (
				74798AC816A77BF5005FCDD7 /* PBXTargetDependency */,
			);
			name = trendViewTests;
			productName = trendViewTests;
			productReference = 74798AC216A77BF5005FCDD7 /* trendViewTests.octest */;
			productType = "com.apple.product-type.bundle";
		};
/* End PBXNativeTarget section */

/* Begin PBXProject section */
		74798A8F16A77BF5005FCDD7 /* Project object */ = {
			isa = PBXProject;
			attributes = {
				CLASSPREFIX = CIN;
				LastUpgradeCheck = 0450;
				ORGANIZATIONNAME = "Jonathon Rubin";
			};
			buildConfigurationList = 74798A9216A77BF5005FCDD7 /* Build configuration list for PBXProject "trendView" */;
			compatibilityVersion = "Xcode 3.2";
			developmentRegion = English;
			hasScannedForEncodings = 0;
			knownRegions = (
				en,
			);
			mainGroup = 74798A8D16A77BF5005FCDD7;
			productRefGroup = 74798A9916A77BF5005FCDD7 /* Products */;
			projectDirPath = "";
			projectRoot = "";
			targets = (
				74798A9716A77BF5005FCDD7 /* trendView */,
				74798AC116A77BF5005FCDD7 /* trendViewTests */,
			);
		};
/* End PBXProject section */

/* Begin PBXResourcesBuildPhase section */
		74798A9616A77BF5005FCDD7 /* Resources */ = {
			isa = PBXResourcesBuildPhase;
			buildActionMask = 2147483647;
			files = (
				74798AA716A77BF5005FCDD7 /* InfoPlist.strings in Resources */,
				74798AAF16A77BF5005FCDD7 /* Default.png in Resources */,
				74798AB116A77BF5005FCDD7 /* Default@2x.png in Resources */,
				74798AB316A77BF5005FCDD7 /* Default-568h@2x.png in Resources */,
				74798AB616A77BF5005FCDD7 /* MainStoryboard_iPhone.storyboard in Resources */,
				74798AB916A77BF5005FCDD7 /* MainStoryboard_iPad.storyboard in Resources */,
				7435025116AB159B00C6C77A /* LICENSE in Resources */,
				7435025516AB172600C6C77A /* weightbot_data.csv in Resources */,
				74DA60FD16ABA3F100E1452B /* License.txt in Resources */,
			);
			runOnlyForDeploymentPostprocessing = 0;
		};
		74798ABF16A77BF5005FCDD7 /* Resources */ = {
			isa = PBXResourcesBuildPhase;
			buildActionMask = 2147483647;
			files = (
				74798ACE16A77BF5005FCDD7 /* InfoPlist.strings in Resources */,
				7435025216AB159B00C6C77A /* LICENSE in Resources */,
				7435025616AB172600C6C77A /* weightbot_data.csv in Resources */,
				74DA60FE16ABA3F100E1452B /* License.txt in Resources */,
			);
			runOnlyForDeploymentPostprocessing = 0;
		};
/* End PBXResourcesBuildPhase section */

/* Begin PBXShellScriptBuildPhase section */
		74798AC016A77BF5005FCDD7 /* ShellScript */ = {
			isa = PBXShellScriptBuildPhase;
			buildActionMask = 2147483647;
			files = (
			);
			inputPaths = (
			);
			outputPaths = (
			);
			runOnlyForDeploymentPostprocessing = 0;
			shellPath = /bin/sh;
			shellScript = "# Run the unit tests in this test bundle.\n\"${SYSTEM_DEVELOPER_DIR}/Tools/RunUnitTests\"\n";
		};
/* End PBXShellScriptBuildPhase section */

/* Begin PBXSourcesBuildPhase section */
		74798A9416A77BF5005FCDD7 /* Sources */ = {
			isa = PBXSourcesBuildPhase;
			buildActionMask = 2147483647;
			files = (
				74798AA916A77BF5005FCDD7 /* main.m in Sources */,
				74798AAD16A77BF5005FCDD7 /* CINAppDelegate.m in Sources */,
				74798ABC16A77BF5005FCDD7 /* CINViewController.m in Sources */,
				7435024F16AB159B00C6C77A /* CHCSVParser.m in Sources */,
				7435025916AB1D8600C6C77A /* CINWeightList.m in Sources */,
				74DA610516ABA6D200E1452B /* CINScatterViewController.m in Sources */,
			);
			runOnlyForDeploymentPostprocessing = 0;
		};
		74798ABD16A77BF5005FCDD7 /* Sources */ = {
			isa = PBXSourcesBuildPhase;
			buildActionMask = 2147483647;
			files = (
				74798AD116A77BF5005FCDD7 /* trendViewTests.m in Sources */,
				7435025016AB159B00C6C77A /* CHCSVParser.m in Sources */,
				7435025A16AB1D8600C6C77A /* CINWeightList.m in Sources */,
				74DA610616ABA6D200E1452B /* CINScatterViewController.m in Sources */,
			);
			runOnlyForDeploymentPostprocessing = 0;
		};
/* End PBXSourcesBuildPhase section */

/* Begin PBXTargetDependency section */
		74798AC816A77BF5005FCDD7 /* PBXTargetDependency */ = {
			isa = PBXTargetDependency;
			target = 74798A9716A77BF5005FCDD7 /* trendView */;
			targetProxy = 74798AC716A77BF5005FCDD7 /* PBXContainerItemProxy */;
		};
/* End PBXTargetDependency section */

/* Begin PBXVariantGroup section */
		74798AA516A77BF5005FCDD7 /* InfoPlist.strings */ = {
			isa = PBXVariantGroup;
			children = (
				74798AA616A77BF5005FCDD7 /* en */,
			);
			name = InfoPlist.strings;
			sourceTree = "<group>";
		};
		74798AB416A77BF5005FCDD7 /* MainStoryboard_iPhone.storyboard */ = {
			isa = PBXVariantGroup;
			children = (
				74798AB516A77BF5005FCDD7 /* en */,
			);
			name = MainStoryboard_iPhone.storyboard;
			sourceTree = "<group>";
		};
		74798AB716A77BF5005FCDD7 /* MainStoryboard_iPad.storyboard */ = {
			isa = PBXVariantGroup;
			children = (
				74798AB816A77BF5005FCDD7 /* en */,
			);
			name = MainStoryboard_iPad.storyboard;
			sourceTree = "<group>";
		};
		74798ACC16A77BF5005FCDD7 /* InfoPlist.strings */ = {
			isa = PBXVariantGroup;
			children = (
				74798ACD16A77BF5005FCDD7 /* en */,
			);
			name = InfoPlist.strings;
			sourceTree = "<group>";
		};
/* End PBXVariantGroup section */

/* Begin XCBuildConfiguration section */
		74798AD216A77BF5005FCDD7 /* Debug */ = {
			isa = XCBuildConfiguration;
			buildSettings = {
				ALWAYS_SEARCH_USER_PATHS = NO;
				CLANG_CXX_LANGUAGE_STANDARD = "gnu++0x";
				CLANG_CXX_LIBRARY = "libc++";
				CLANG_ENABLE_OBJC_ARC = YES;
				CLANG_WARN_EMPTY_BODY = YES;
				CLANG_WARN__DUPLICATE_METHOD_MATCH = YES;
				"CODE_SIGN_IDENTITY[sdk=iphoneos*]" = "iPhone Developer";
				COPY_PHASE_STRIP = NO;
				GCC_C_LANGUAGE_STANDARD = gnu99;
				GCC_DYNAMIC_NO_PIC = NO;
				GCC_OPTIMIZATION_LEVEL = 0;
				GCC_PREPROCESSOR_DEFINITIONS = (
					"DEBUG=1",
					"$(inherited)",
				);
				GCC_SYMBOLS_PRIVATE_EXTERN = NO;
				GCC_WARN_ABOUT_RETURN_TYPE = YES;
				GCC_WARN_UNINITIALIZED_AUTOS = YES;
				GCC_WARN_UNUSED_VARIABLE = YES;
				IPHONEOS_DEPLOYMENT_TARGET = 6.0;
				OTHER_LDFLAGS = (
					"-ObjC",
					"-all_load",
				);
				SDKROOT = iphoneos;
				TARGETED_DEVICE_FAMILY = "1,2";
			};
			name = Debug;
		};
		74798AD316A77BF5005FCDD7 /* Release */ = {
			isa = XCBuildConfiguration;
			buildSettings = {
				ALWAYS_SEARCH_USER_PATHS = NO;
				CLANG_CXX_LANGUAGE_STANDARD = "gnu++0x";
				CLANG_CXX_LIBRARY = "libc++";
				CLANG_ENABLE_OBJC_ARC = YES;
				CLANG_WARN_EMPTY_BODY = YES;
				CLANG_WARN__DUPLICATE_METHOD_MATCH = YES;
				"CODE_SIGN_IDENTITY[sdk=iphoneos*]" = "iPhone Developer";
				COPY_PHASE_STRIP = YES;
				GCC_C_LANGUAGE_STANDARD = gnu99;
				GCC_WARN_ABOUT_RETURN_TYPE = YES;
				GCC_WARN_UNINITIALIZED_AUTOS = YES;
				GCC_WARN_UNUSED_VARIABLE = YES;
				IPHONEOS_DEPLOYMENT_TARGET = 6.0;
				OTHER_CFLAGS = "-DNS_BLOCK_ASSERTIONS=1";
				OTHER_LDFLAGS = (
					"-ObjC",
					"-all_load",
				);
				SDKROOT = iphoneos;
				TARGETED_DEVICE_FAMILY = "1,2";
				VALIDATE_PRODUCT = YES;
			};
			name = Release;
		};
		74798AD516A77BF5005FCDD7 /* Debug */ = {
			isa = XCBuildConfiguration;
			buildSettings = {
				GCC_PRECOMPILE_PREFIX_HEADER = YES;
				GCC_PREFIX_HEADER = "trendView/trendView-Prefix.pch";
				INFOPLIST_FILE = "trendView/trendView-Info.plist";
				LIBRARY_SEARCH_PATHS = (
					"$(inherited)",
					"\"$(SRCROOT)/../libs/CorePlot/iOS\"",
				);
				PRODUCT_NAME = "$(TARGET_NAME)";
				WRAPPER_EXTENSION = app;
			};
			name = Debug;
		};
		74798AD616A77BF5005FCDD7 /* Release */ = {
			isa = XCBuildConfiguration;
			buildSettings = {
				GCC_PRECOMPILE_PREFIX_HEADER = YES;
				GCC_PREFIX_HEADER = "trendView/trendView-Prefix.pch";
				INFOPLIST_FILE = "trendView/trendView-Info.plist";
				LIBRARY_SEARCH_PATHS = (
					"$(inherited)",
					"\"$(SRCROOT)/../libs/CorePlot/iOS\"",
				);
				PRODUCT_NAME = "$(TARGET_NAME)";
				WRAPPER_EXTENSION = app;
			};
			name = Release;
		};
		74798AD816A77BF5005FCDD7 /* Debug */ = {
			isa = XCBuildConfiguration;
			buildSettings = {
				BUNDLE_LOADER = "$(BUILT_PRODUCTS_DIR)/trendView.app/trendView";
				FRAMEWORK_SEARCH_PATHS = (
					"\"$(SDKROOT)/Developer/Library/Frameworks\"",
					"\"$(DEVELOPER_LIBRARY_DIR)/Frameworks\"",
				);
				GCC_PRECOMPILE_PREFIX_HEADER = YES;
				GCC_PREFIX_HEADER = "trendView/trendView-Prefix.pch";
				INFOPLIST_FILE = "trendViewTests/trendViewTests-Info.plist";
				LIBRARY_SEARCH_PATHS = (
					"$(inherited)",
					"\"$(SRCROOT)/../libs/CorePlot/iOS\"",
				);
				PRODUCT_NAME = "$(TARGET_NAME)";
				TEST_HOST = "$(BUNDLE_LOADER)";
				WRAPPER_EXTENSION = octest;
			};
			name = Debug;
		};
		74798AD916A77BF5005FCDD7 /* Release */ = {
			isa = XCBuildConfiguration;
			buildSettings = {
				BUNDLE_LOADER = "$(BUILT_PRODUCTS_DIR)/trendView.app/trendView";
				FRAMEWORK_SEARCH_PATHS = (
					"\"$(SDKROOT)/Developer/Library/Frameworks\"",
					"\"$(DEVELOPER_LIBRARY_DIR)/Frameworks\"",
				);
				GCC_PRECOMPILE_PREFIX_HEADER = YES;
				GCC_PREFIX_HEADER = "trendView/trendView-Prefix.pch";
				INFOPLIST_FILE = "trendViewTests/trendViewTests-Info.plist";
				LIBRARY_SEARCH_PATHS = (
					"$(inherited)",
					"\"$(SRCROOT)/../libs/CorePlot/iOS\"",
				);
				PRODUCT_NAME = "$(TARGET_NAME)";
				TEST_HOST = "$(BUNDLE_LOADER)";
				WRAPPER_EXTENSION = octest;
			};
			name = Release;
		};
/* End XCBuildConfiguration section */

/* Begin XCConfigurationList section */
		74798A9216A77BF5005FCDD7 /* Build configuration list for PBXProject "trendView" */ = {
			isa = XCConfigurationList;
			buildConfigurations = (
				74798AD216A77BF5005FCDD7 /* Debug */,
				74798AD316A77BF5005FCDD7 /* Release */,
			);
			defaultConfigurationIsVisible = 0;
			defaultConfigurationName = Release;
		};
		74798AD416A77BF5005FCDD7 /* Build configuration list for PBXNativeTarget "trendView" */ = {
			isa = XCConfigurationList;
			buildConfigurations = (
				74798AD516A77BF5005FCDD7 /* Debug */,
				74798AD616A77BF5005FCDD7 /* Release */,
			);
			defaultConfigurationIsVisible = 0;
			defaultConfigurationName = Release;
		};
		74798AD716A77BF5005FCDD7 /* Build configuration list for PBXNativeTarget "trendViewTests" */ = {
			isa = XCConfigurationList;
			buildConfigurations = (
				74798AD816A77BF5005FCDD7 /* Debug */,
				74798AD916A77BF5005FCDD7 /* Release */,
			);
			defaultConfigurationIsVisible = 0;
			defaultConfigurationName = Release;
		};
/* End XCConfigurationList section */
	};
	rootObject = 74798A8F16A77BF5005FCDD7 /* Project object */;
}
